PODS:
  - LDZFAlertController (0.1.0):
    - Masonry
  - Masonry (1.1.0)

DEPENDENCIES:
  - LDZFAlertController (from `../`)

SPEC REPOS:
  trunk:
    - Masonry

EXTERNAL SOURCES:
  LDZFAlertController:
    :path: "../"

SPEC CHECKSUMS:
  LDZFAlertController: 3629f08ce3f7c00f9e45f2da47b0635663a2c710
  Masonry: 678fab65091a9290e40e2832a55e7ab731aad201

PODFILE CHECKSUM: adfe62c9f12c19e9281cf9a8fc5b1c4a87620053

COCOAPODS: 1.11.2
